// !$*UTF8*$!
{
	archiveVersion = 1;
	classes = {
	};
	objectVersion = 46;
	objects = {

/* Begin PBXBuildFile section */
		3A3BDD871D67B7B500941AA3 /* main.m in Sources */ = {isa = PBXBuildFile; fileRef = 3A3BDD861D67B7B500941AA3 /* main.m */; };
		3A3BDD8A1D67B7B500941AA3 /* AppDelegate.m in Sources */ = {isa = PBXBuildFile; fileRef = 3A3BDD891D67B7B500941AA3 /* AppDelegate.m */; };
		3A3BDD8D1D67B7B500941AA3 /* ViewController.m in Sources */ = {isa = PBXBuildFile; fileRef = 3A3BDD8C1D67B7B500941AA3 /* ViewController.m */; };
		3A3BDD901D67B7B500941AA3 /* Main.storyboard in Resources */ = {isa = PBXBuildFile; fileRef = 3A3BDD8E1D67B7B500941AA3 /* Main.storyboard */; };
		3A3BDD921D67B7B500941AA3 /* Assets.xcassets in Resources */ = {isa = PBXBuildFile; fileRef = 3A3BDD911D67B7B500941AA3 /* Assets.xcassets */; };
		3A3BDD951D67B7B500941AA3 /* LaunchScreen.storyboard in Resources */ = {isa = PBXBuildFile; fileRef = 3A3BDD931D67B7B500941AA3 /* LaunchScreen.storyboard */; };
		3A3BDDA11D67C84F00941AA3 /* LoginVC.m in Sources */ = {isa = PBXBuildFile; fileRef = 3A3BDDA01D67C84F00941AA3 /* LoginVC.m */; };
		3A3BDDA41D67CA6A00941AA3 /* ServerMockup.m in Sources */ = {isa = PBXBuildFile; fileRef = 3A3BDDA31D67CA6A00941AA3 /* ServerMockup.m */; };
		3A3BDDA71D67CAB100941AA3 /* UserInfo.m in Sources */ = {isa = PBXBuildFile; fileRef = 3A3BDDA61D67CAB100941AA3 /* UserInfo.m */; };
/* End PBXBuildFile section */

/* Begin PBXFileReference section */
		3A3BDD821D67B7B500941AA3 /* SGTKofoed.app */ = {isa = PBXFileReference; explicitFileType = wrapper.application; includeInIndex = 0; path = SGTKofoed.app; sourceTree = BUILT_PRODUCTS_DIR; };
		3A3BDD861D67B7B500941AA3 /* main.m */ = {isa = PBXFileReference; lastKnownFileType = sourcecode.c.objc; path = main.m; sourceTree = "<group>"; };
		3A3BDD881D67B7B500941AA3 /* AppDelegate.h */ = {isa = PBXFileReference; lastKnownFileType = sourcecode.c.h; path = AppDelegate.h; sourceTree = "<group>"; };
		3A3BDD891D67B7B500941AA3 /* AppDelegate.m */ = {isa = PBXFileReference; lastKnownFileType = sourcecode.c.objc; path = AppDelegate.m; sourceTree = "<group>"; };
		3A3BDD8B1D67B7B500941AA3 /* ViewController.h */ = {isa = PBXFileReference; lastKnownFileType = sourcecode.c.h; path = ViewController.h; sourceTree = "<group>"; };
		3A3BDD8C1D67B7B500941AA3 /* ViewController.m */ = {isa = PBXFileReference; lastKnownFileType = sourcecode.c.objc; path = ViewController.m; sourceTree = "<group>"; };
		3A3BDD8F1D67B7B500941AA3 /* Base */ = {isa = PBXFileReference; lastKnownFileType = file.storyboard; name = Base; path = Base.lproj/Main.storyboard; sourceTree = "<group>"; };
		3A3BDD911D67B7B500941AA3 /* Assets.xcassets */ = {isa = PBXFileReference; lastKnownFileType = folder.assetcatalog; path = Assets.xcassets; sourceTree = "<group>"; };
		3A3BDD941D67B7B500941AA3 /* Base */ = {isa = PBXFileReference; lastKnownFileType = file.storyboard; name = Base; path = Base.lproj/LaunchScreen.storyboard; sourceTree = "<group>"; };
		3A3BDD961D67B7B500941AA3 /* Info.plist */ = {isa = PBXFileReference; lastKnownFileType = text.plist.xml; path = Info.plist; sourceTree = "<group>"; };
		3A3BDD9F1D67C84F00941AA3 /* LoginVC.h */ = {isa = PBXFileReference; fileEncoding = 4; lastKnownFileType = sourcecode.c.h; path = LoginVC.h; sourceTree = "<group>"; };
		3A3BDDA01D67C84F00941AA3 /* LoginVC.m */ = {isa = PBXFileReference; fileEncoding = 4; lastKnownFileType = sourcecode.c.objc; path = LoginVC.m; sourceTree = "<group>"; };
		3A3BDDA21D67CA6A00941AA3 /* ServerMockup.h */ = {isa = PBXFileReference; fileEncoding = 4; lastKnownFileType = sourcecode.c.h; path = ServerMockup.h; sourceTree = "<group>"; };
		3A3BDDA31D67CA6A00941AA3 /* ServerMockup.m */ = {isa = PBXFileReference; fileEncoding = 4; lastKnownFileType = sourcecode.c.objc; path = ServerMockup.m; sourceTree = "<group>"; };
		3A3BDDA51D67CAB100941AA3 /* UserInfo.h */ = {isa = PBXFileReference; fileEncoding = 4; lastKnownFileType = sourcecode.c.h; path = UserInfo.h; sourceTree = "<group>"; };
		3A3BDDA61D67CAB100941AA3 /* UserInfo.m */ = {isa = PBXFileReference; fileEncoding = 4; lastKnownFileType = sourcecode.c.objc; path = UserInfo.m; sourceTree = "<group>"; };
/* End PBXFileReference section */

/* Begin PBXFrameworksBuildPhase section */
		3A3BDD7F1D67B7B500941AA3 /* Frameworks */ = {
			isa = PBXFrameworksBuildPhase;
			buildActionMask = 2147483647;
			files = (
			);
			runOnlyForDeploymentPostprocessing = 0;
		};
/* End PBXFrameworksBuildPhase section */

/* Begin PBXGroup section */
		3A3BDD791D67B7B400941AA3 = {
			isa = PBXGroup;
			children = (
				3A3BDD841D67B7B500941AA3 /* SGTKofoed */,
				3A3BDD831D67B7B500941AA3 /* Products */,
			);
			sourceTree = "<group>";
		};
		3A3BDD831D67B7B500941AA3 /* Products */ = {
			isa = PBXGroup;
			children = (
				3A3BDD821D67B7B500941AA3 /* SGTKofoed.app */,
			);
			name = Products;
			sourceTree = "<group>";
		};
		3A3BDD841D67B7B500941AA3 /* SGTKofoed */ = {
			isa = PBXGroup;
			children = (
				3A3BDD881D67B7B500941AA3 /* AppDelegate.h */,
				3A3BDD891D67B7B500941AA3 /* AppDelegate.m */,
				3A3BDD8B1D67B7B500941AA3 /* ViewController.h */,
				3A3BDD8C1D67B7B500941AA3 /* ViewController.m */,
				3A3BDD9F1D67C84F00941AA3 /* LoginVC.h */,
				3A3BDDA01D67C84F00941AA3 /* LoginVC.m */,
				3A3BDDA21D67CA6A00941AA3 /* ServerMockup.h */,
				3A3BDDA31D67CA6A00941AA3 /* ServerMockup.m */,
				3A3BDDA51D67CAB100941AA3 /* UserInfo.h */,
				3A3BDDA61D67CAB100941AA3 /* UserInfo.m */,
				3A3BDD8E1D67B7B500941AA3 /* Main.storyboard */,
				3A3BDD911D67B7B500941AA3 /* Assets.xcassets */,
				3A3BDD931D67B7B500941AA3 /* LaunchScreen.storyboard */,
				3A3BDD961D67B7B500941AA3 /* Info.plist */,
				3A3BDD851D67B7B500941AA3 /* Supporting Files */,
			);
			path = SGTKofoed;
			sourceTree = "<group>";
		};
		3A3BDD851D67B7B500941AA3 /* Supporting Files */ = {
			isa = PBXGroup;
			children = (
				3A3BDD861D67B7B500941AA3 /* main.m */,
			);
			name = "Supporting Files";
			sourceTree = "<group>";
		};
/* End PBXGroup section */

/* Begin PBXNativeTarget section */
		3A3BDD811D67B7B500941AA3 /* SGTKofoed */ = {
			isa = PBXNativeTarget;
			buildConfigurationList = 3A3BDD991D67B7B500941AA3 /* Build configuration list for PBXNativeTarget "SGTKofoed" */;
			buildPhases = (
				3A3BDD7E1D67B7B500941AA3 /* Sources */,
				3A3BDD7F1D67B7B500941AA3 /* Frameworks */,
				3A3BDD801D67B7B500941AA3 /* Resources */,
			);
			buildRules = (
			);
			dependencies = (
			);
			name = SGTKofoed;
			productName = SGTKofoed;
			productReference = 3A3BDD821D67B7B500941AA3 /* SGTKofoed.app */;
			productType = "com.apple.product-type.application";
		};
/* End PBXNativeTarget section */

/* Begin PBXProject section */
		3A3BDD7A1D67B7B400941AA3 /* Project object */ = {
			isa = PBXProject;
			attributes = {
				LastUpgradeCheck = 0730;
				ORGANIZATIONNAME = TKofoed;
				TargetAttributes = {
					3A3BDD811D67B7B500941AA3 = {
						CreatedOnToolsVersion = 7.3.1;
					};
				};
			};
			buildConfigurationList = 3A3BDD7D1D67B7B500941AA3 /* Build configuration list for PBXProject "SGTKofoed" */;
			compatibilityVersion = "Xcode 3.2";
			developmentRegion = English;
			hasScannedForEncodings = 0;
			knownRegions = (
				en,
				Base,
			);
			mainGroup = 3A3BDD791D67B7B400941AA3;
			productRefGroup = 3A3BDD831D67B7B500941AA3 /* Products */;
			projectDirPath = "";
			projectRoot = "";
			targets = (
				3A3BDD811D67B7B500941AA3 /* SGTKofoed */,
			);
		};
/* End PBXProject section */

/* Begin PBXResourcesBuildPhase section */
		3A3BDD801D67B7B500941AA3 /* Resources */ = {
			isa = PBXResourcesBuildPhase;
			buildActionMask = 2147483647;
			files = (
				3A3BDD951D67B7B500941AA3 /* LaunchScreen.storyboard in Resources */,
				3A3BDD921D67B7B500941AA3 /* Assets.xcassets in Resources */,
				3A3BDD901D67B7B500941AA3 /* Main.storyboard in Resources */,
			);
			runOnlyForDeploymentPostprocessing = 0;
		};
/* End PBXResourcesBuildPhase section */

/* Begin PBXSourcesBuildPhase section */
		3A3BDD7E1D67B7B500941AA3 /* Sources */ = {
			isa = PBXSourcesBuildPhase;
			buildActionMask = 2147483647;
			files = (
				3A3BDD8D1D67B7B500941AA3 /* ViewController.m in Sources */,
				3A3BDD8A1D67B7B500941AA3 /* AppDelegate.m in Sources */,
				3A3BDDA41D67CA6A00941AA3 /* ServerMockup.m in Sources */,
				3A3BDDA11D67C84F00941AA3 /* LoginVC.m in Sources */,
				3A3BDDA71D67CAB100941AA3 /* UserInfo.m in Sources */,
				3A3BDD871D67B7B500941AA3 /* main.m in Sources */,
			);
			runOnlyForDeploymentPostprocessing = 0;
		};
/* End PBXSourcesBuildPhase section */

/* Begin PBXVariantGroup section */
		3A3BDD8E1D67B7B500941AA3 /* Main.storyboard */ = {
			isa = PBXVariantGroup;
			children = (
				3A3BDD8F1D67B7B500941AA3 /* Base */,
			);
			name = Main.storyboard;
			sourceTree = "<group>";
		};
		3A3BDD931D67B7B500941AA3 /* LaunchScreen.storyboard */ = {
			isa = PBXVariantGroup;
			children = (
				3A3BDD941D67B7B500941AA3 /* Base */,
			);
			name = LaunchScreen.storyboard;
			sourceTree = "<group>";
		};
/* End PBXVariantGroup section */

/* Begin XCBuildConfiguration section */
		3A3BDD971D67B7B500941AA3 /* Debug */ = {
			isa = XCBuildConfiguration;
			buildSettings = {
				ALWAYS_SEARCH_USER_PATHS = NO;
				CLANG_ANALYZER_NONNULL = YES;
				CLANG_CXX_LANGUAGE_STANDARD = "gnu++0x";
				CLANG_CXX_LIBRARY = "libc++";
				CLANG_ENABLE_MODULES = YES;
				CLANG_ENABLE_OBJC_ARC = YES;
				CLANG_WARN_BOOL_CONVERSION = YES;
				CLANG_WARN_CONSTANT_CONVERSION = YES;
				CLANG_WARN_DIRECT_OBJC_ISA_USAGE = YES_ERROR;
				CLANG_WARN_EMPTY_BODY = YES;
				CLANG_WARN_ENUM_CONVERSION = YES;
				CLANG_WARN_INT_CONVERSION = YES;
				CLANG_WARN_OBJC_ROOT_CLASS = YES_ERROR;
				CLANG_WARN_UNREACHABLE_CODE = YES;
				CLANG_WARN__DUPLICATE_METHOD_MATCH = YES;
				"CODE_SIGN_IDENTITY[sdk=iphoneos*]" = "iPhone Developer";
				COPY_PHASE_STRIP = NO;
				DEBUG_INFORMATION_FORMAT = dwarf;
				ENABLE_STRICT_OBJC_MSGSEND = YES;
				ENABLE_TESTABILITY = YES;
				GCC_C_LANGUAGE_STANDARD = gnu99;
				GCC_DYNAMIC_NO_PIC = NO;
				GCC_NO_COMMON_BLOCKS = YES;
				GCC_OPTIMIZATION_LEVEL = 0;
				GCC_PREPROCESSOR_DEFINITIONS = (
					"DEBUG=1",
					"$(inherited)",
				);
				GCC_WARN_64_TO_32_BIT_CONVERSION = YES;
				GCC_WARN_ABOUT_RETURN_TYPE = YES_ERROR;
				GCC_WARN_UNDECLARED_SELECTOR = YES;
				GCC_WARN_UNINITIALIZED_AUTOS = YES_AGGRESSIVE;
				GCC_WARN_UNUSED_FUNCTION = YES;
				GCC_WARN_UNUSED_VARIABLE = YES;
				IPHONEOS_DEPLOYMENT_TARGET = 9.3;
				MTL_ENABLE_DEBUG_INFO = YES;
				ONLY_ACTIVE_ARCH = YES;
				SDKROOT = iphoneos;
				TARGETED_DEVICE_FAMILY = "1,2";
			};
			name = Debug;
		};
		3A3BDD981D67B7B500941AA3 /* Release */ = {
			isa = XCBuildConfiguration;
			buildSettings = {
				ALWAYS_SEARCH_USER_PATHS = NO;
				CLANG_ANALYZER_NONNULL = YES;
				CLANG_CXX_LANGUAGE_STANDARD = "gnu++0x";
				CLANG_CXX_LIBRARY = "libc++";
				CLANG_ENABLE_MODULES = YES;
				CLANG_ENABLE_OBJC_ARC = YES;
				CLANG_WARN_BOOL_CONVERSION = YES;
				CLANG_WARN_CONSTANT_CONVERSION = YES;
				CLANG_WARN_DIRECT_OBJC_ISA_USAGE = YES_ERROR;
				CLANG_WARN_EMPTY_BODY = YES;
				CLANG_WARN_ENUM_CONVERSION = YES;
				CLANG_WARN_INT_CONVERSION = YES;
				CLANG_WARN_OBJC_ROOT_CLASS = YES_ERROR;
				CLANG_WARN_UNREACHABLE_CODE = YES;
				CLANG_WARN__DUPLICATE_METHOD_MATCH = YES;
				"CODE_SIGN_IDENTITY[sdk=iphoneos*]" = "iPhone Developer";
				COPY_PHASE_STRIP = NO;
				DEBUG_INFORMATION_FORMAT = "dwarf-with-dsym";
				ENABLE_NS_ASSERTIONS = NO;
				ENABLE_STRICT_OBJC_MSGSEND = YES;
				GCC_C_LANGUAGE_STANDARD = gnu99;
				GCC_NO_COMMON_BLOCKS = YES;
				GCC_WARN_64_TO_32_BIT_CONVERSION = YES;
				GCC_WARN_ABOUT_RETURN_TYPE = YES_ERROR;
				GCC_WARN_UNDECLARED_SELECTOR = YES;
				GCC_WARN_UNINITIALIZED_AUTOS = YES_AGGRESSIVE;
				GCC_WARN_UNUSED_FUNCTION = YES;
				GCC_WARN_UNUSED_VARIABLE = YES;
				IPHONEOS_DEPLOYMENT_TARGET = 9.3;
				MTL_ENABLE_DEBUG_INFO = NO;
				SDKROOT = iphoneos;
				TARGETED_DEVICE_FAMILY = "1,2";
				VALIDATE_PRODUCT = YES;
			};
			name = Release;
		};
		3A3BDD9A1D67B7B500941AA3 /* Debug */ = {
			isa = XCBuildConfiguration;
			buildSettings = {
				ASSETCATALOG_COMPILER_APPICON_NAME = AppIcon;
				INFOPLIST_FILE = SGTKofoed/Info.plist;
				LD_RUNPATH_SEARCH_PATHS = "$(inherited) @executable_path/Frameworks";
				PRODUCT_BUNDLE_IDENTIFIER = com.shopgun.SGTKofoed;
				PRODUCT_NAME = "$(TARGET_NAME)";
			};
			name = Debug;
		};
		3A3BDD9B1D67B7B500941AA3 /* Release */ = {
			isa = XCBuildConfiguration;
			buildSettings = {
				ASSETCATALOG_COMPILER_APPICON_NAME = AppIcon;
				INFOPLIST_FILE = SGTKofoed/Info.plist;
				LD_RUNPATH_SEARCH_PATHS = "$(inherited) @executable_path/Frameworks";
				PRODUCT_BUNDLE_IDENTIFIER = com.shopgun.SGTKofoed;
				PRODUCT_NAME = "$(TARGET_NAME)";
			};
			name = Release;
		};
/* End XCBuildConfiguration section */

/* Begin XCConfigurationList section */
		3A3BDD7D1D67B7B500941AA3 /* Build configuration list for PBXProject "SGTKofoed" */ = {
			isa = XCConfigurationList;
			buildConfigurations = (
				3A3BDD971D67B7B500941AA3 /* Debug */,
				3A3BDD981D67B7B500941AA3 /* Release */,
			);
			defaultConfigurationIsVisible = 0;
			defaultConfigurationName = Release;
		};
		3A3BDD991D67B7B500941AA3 /* Build configuration list for PBXNativeTarget "SGTKofoed" */ = {
			isa = XCConfigurationList;
			buildConfigurations = (
				3A3BDD9A1D67B7B500941AA3 /* Debug */,
				3A3BDD9B1D67B7B500941AA3 /* Release */,
			);
			defaultConfigurationIsVisible = 0;
		};
/* End XCConfigurationList section */
	};
	rootObject = 3A3BDD7A1D67B7B400941AA3 /* Project object */;
}
